
Microsoft Visual Studio Solution File, Format Version 12.00
# Visual Studio Version 17
VisualStudioVersion = 17.13.35919.96 d17.13
MinimumVisualStudioVersion = 10.0.40219.1
Project("{FAE04EC0-301F-11D3-BF4B-00C04F79EFBC}") = "App-0411-0", "App-0411-0\App-0411-0.csproj", "{D05623CD-2DF8-49AF-B368-FC08BCB42DBF}"
EndProject
Global
	GlobalSection(SolutionConfigurationPlatforms) = preSolution
		Debug|Any CPU = Debug|Any CPU
		Release|Any CPU = Release|Any CPU
	EndGlobalSection
	GlobalSection(ProjectConfigurationPlatforms) = postSolution
		{D05623CD-2DF8-49AF-B368-FC08BCB42DBF}.Debug|Any CPU.ActiveCfg = Debug|Any CPU
		{D05623CD-2DF8-49AF-B368-FC08BCB42DBF}.Debug|Any CPU.Build.0 = Debug|Any CPU
		{D05623CD-2DF8-49AF-B368-FC08BCB42DBF}.Release|Any CPU.ActiveCfg = Release|Any CPU
		{D05623CD-2DF8-49AF-B368-FC08BCB42DBF}.Release|Any CPU.Build.0 = Release|Any CPU
	EndGlobalSection
	GlobalSection(SolutionProperties) = preSolution
		HideSolutionNode = FALSE
	EndGlobalSection
	GlobalSection(ExtensibilityGlobals) = postSolution
		SolutionGuid = {690C7F36-8714-44D6-B491-4C75AAFC436C}
	EndGlobalSection
EndGlobal
