
Microsoft Visual Studio Solution File, Format Version 12.00
# Visual Studio Version 17
VisualStudioVersion = 17.13.35919.96 d17.13
MinimumVisualStudioVersion = 10.0.40219.1
Project("{FAE04EC0-301F-11D3-BF4B-00C04F79EFBC}") = "App20250411-1", "App20250411-1\App20250411-1.csproj", "{C1A39E64-EB34-4B2E-B477-F7E0EB0039FE}"
EndProject
Global
	GlobalSection(SolutionConfigurationPlatforms) = preSolution
		Debug|Any CPU = Debug|Any CPU
		Release|Any CPU = Release|Any CPU
	EndGlobalSection
	GlobalSection(ProjectConfigurationPlatforms) = postSolution
		{C1A39E64-EB34-4B2E-B477-F7E0EB0039FE}.Debug|Any CPU.ActiveCfg = Debug|Any CPU
		{C1A39E64-EB34-4B2E-B477-F7E0EB0039FE}.Debug|Any CPU.Build.0 = Debug|Any CPU
		{C1A39E64-EB34-4B2E-B477-F7E0EB0039FE}.Release|Any CPU.ActiveCfg = Release|Any CPU
		{C1A39E64-EB34-4B2E-B477-F7E0EB0039FE}.Release|Any CPU.Build.0 = Release|Any CPU
	EndGlobalSection
	GlobalSection(SolutionProperties) = preSolution
		HideSolutionNode = FALSE
	EndGlobalSection
	GlobalSection(ExtensibilityGlobals) = postSolution
		SolutionGuid = {B3BFDB4C-6035-4B9A-935B-D96073CA8B4D}
	EndGlobalSection
EndGlobal
