
Microsoft Visual Studio Solution File, Format Version 12.00
# Visual Studio Version 17
VisualStudioVersion = 17.13.35919.96 d17.13
MinimumVisualStudioVersion = 10.0.40219.1
Project("{FAE04EC0-301F-11D3-BF4B-00C04F79EFBC}") = "TimeNow", "TimeNow\TimeNow.csproj", "{2C9B0878-2988-4C4A-86F2-C36819CE939F}"
EndProject
Global
	GlobalSection(SolutionConfigurationPlatforms) = preSolution
		Debug|Any CPU = Debug|Any CPU
		Release|Any CPU = Release|Any CPU
	EndGlobalSection
	GlobalSection(ProjectConfigurationPlatforms) = postSolution
		{2C9B0878-2988-4C4A-86F2-C36819CE939F}.Debug|Any CPU.ActiveCfg = Debug|Any CPU
		{2C9B0878-2988-4C4A-86F2-C36819CE939F}.Debug|Any CPU.Build.0 = Debug|Any CPU
		{2C9B0878-2988-4C4A-86F2-C36819CE939F}.Release|Any CPU.ActiveCfg = Release|Any CPU
		{2C9B0878-2988-4C4A-86F2-C36819CE939F}.Release|Any CPU.Build.0 = Release|Any CPU
	EndGlobalSection
	GlobalSection(SolutionProperties) = preSolution
		HideSolutionNode = FALSE
	EndGlobalSection
	GlobalSection(ExtensibilityGlobals) = postSolution
		SolutionGuid = {5BD96A5A-1A4B-417F-854C-62AE7BE42FB3}
	EndGlobalSection
EndGlobal
