
Microsoft Visual Studio Solution File, Format Version 12.00
# Visual Studio Version 17
VisualStudioVersion = 17.13.35919.96 d17.13
MinimumVisualStudioVersion = 10.0.40219.1
Project("{FAE04EC0-301F-11D3-BF4B-00C04F79EFBC}") = "App-20250417", "App-20250417\App-20250417.csproj", "{EEABD44D-A8CC-4057-9EE1-5CD4879763A7}"
EndProject
Global
	GlobalSection(SolutionConfigurationPlatforms) = preSolution
		Debug|Any CPU = Debug|Any CPU
		Release|Any CPU = Release|Any CPU
	EndGlobalSection
	GlobalSection(ProjectConfigurationPlatforms) = postSolution
		{EEABD44D-A8CC-4057-9EE1-5CD4879763A7}.Debug|Any CPU.ActiveCfg = Debug|Any CPU
		{EEABD44D-A8CC-4057-9EE1-5CD4879763A7}.Debug|Any CPU.Build.0 = Debug|Any CPU
		{EEABD44D-A8CC-4057-9EE1-5CD4879763A7}.Release|Any CPU.ActiveCfg = Release|Any CPU
		{EEABD44D-A8CC-4057-9EE1-5CD4879763A7}.Release|Any CPU.Build.0 = Release|Any CPU
	EndGlobalSection
	GlobalSection(SolutionProperties) = preSolution
		HideSolutionNode = FALSE
	EndGlobalSection
	GlobalSection(ExtensibilityGlobals) = postSolution
		SolutionGuid = {368C7C77-7FB6-40C3-ACF8-564AFBD3D30F}
	EndGlobalSection
EndGlobal
