
Microsoft Visual Studio Solution File, Format Version 12.00
# Visual Studio Version 17
VisualStudioVersion = 17.13.35919.96 d17.13
MinimumVisualStudioVersion = 10.0.40219.1
Project("{FAE04EC0-301F-11D3-BF4B-00C04F79EFBC}") = "20250415-0", "20250415-0\20250415-0.csproj", "{6C40D85C-61D9-4298-AABF-022CB7167A66}"
EndProject
Global
	GlobalSection(SolutionConfigurationPlatforms) = preSolution
		Debug|Any CPU = Debug|Any CPU
		Release|Any CPU = Release|Any CPU
	EndGlobalSection
	GlobalSection(ProjectConfigurationPlatforms) = postSolution
		{6C40D85C-61D9-4298-AABF-022CB7167A66}.Debug|Any CPU.ActiveCfg = Debug|Any CPU
		{6C40D85C-61D9-4298-AABF-022CB7167A66}.Debug|Any CPU.Build.0 = Debug|Any CPU
		{6C40D85C-61D9-4298-AABF-022CB7167A66}.Release|Any CPU.ActiveCfg = Release|Any CPU
		{6C40D85C-61D9-4298-AABF-022CB7167A66}.Release|Any CPU.Build.0 = Release|Any CPU
	EndGlobalSection
	GlobalSection(SolutionProperties) = preSolution
		HideSolutionNode = FALSE
	EndGlobalSection
	GlobalSection(ExtensibilityGlobals) = postSolution
		SolutionGuid = {038FE0A5-CA34-4A18-8FD7-220CAD880E9A}
	EndGlobalSection
EndGlobal
