
Microsoft Visual Studio Solution File, Format Version 12.00
# Visual Studio Version 17
VisualStudioVersion = 17.13.35919.96 d17.13
MinimumVisualStudioVersion = 10.0.40219.1
Project("{FAE04EC0-301F-11D3-BF4B-00C04F79EFBC}") = "20250411-0", "20250411-0\20250411-0.csproj", "{8A91E54C-B6DC-47B7-BCD8-7C0ABFE8397B}"
EndProject
Global
	GlobalSection(SolutionConfigurationPlatforms) = preSolution
		Debug|Any CPU = Debug|Any CPU
		Release|Any CPU = Release|Any CPU
	EndGlobalSection
	GlobalSection(ProjectConfigurationPlatforms) = postSolution
		{8A91E54C-B6DC-47B7-BCD8-7C0ABFE8397B}.Debug|Any CPU.ActiveCfg = Debug|Any CPU
		{8A91E54C-B6DC-47B7-BCD8-7C0ABFE8397B}.Debug|Any CPU.Build.0 = Debug|Any CPU
		{8A91E54C-B6DC-47B7-BCD8-7C0ABFE8397B}.Release|Any CPU.ActiveCfg = Release|Any CPU
		{8A91E54C-B6DC-47B7-BCD8-7C0ABFE8397B}.Release|Any CPU.Build.0 = Release|Any CPU
	EndGlobalSection
	GlobalSection(SolutionProperties) = preSolution
		HideSolutionNode = FALSE
	EndGlobalSection
	GlobalSection(ExtensibilityGlobals) = postSolution
		SolutionGuid = {746FF3F9-13E3-4C36-8FEB-773D09220B1A}
	EndGlobalSection
EndGlobal
