
Microsoft Visual Studio Solution File, Format Version 12.00
# Visual Studio Version 17
VisualStudioVersion = 17.13.35919.96 d17.13
MinimumVisualStudioVersion = 10.0.40219.1
Project("{FAE04EC0-301F-11D3-BF4B-00C04F79EFBC}") = "App-0411", "App-0411\App-0411.csproj", "{8A6D644B-CF80-4DCE-952F-6F5E6F422C8F}"
EndProject
Global
	GlobalSection(SolutionConfigurationPlatforms) = preSolution
		Debug|Any CPU = Debug|Any CPU
		Release|Any CPU = Release|Any CPU
	EndGlobalSection
	GlobalSection(ProjectConfigurationPlatforms) = postSolution
		{8A6D644B-CF80-4DCE-952F-6F5E6F422C8F}.Debug|Any CPU.ActiveCfg = Debug|Any CPU
		{8A6D644B-CF80-4DCE-952F-6F5E6F422C8F}.Debug|Any CPU.Build.0 = Debug|Any CPU
		{8A6D644B-CF80-4DCE-952F-6F5E6F422C8F}.Release|Any CPU.ActiveCfg = Release|Any CPU
		{8A6D644B-CF80-4DCE-952F-6F5E6F422C8F}.Release|Any CPU.Build.0 = Release|Any CPU
	EndGlobalSection
	GlobalSection(SolutionProperties) = preSolution
		HideSolutionNode = FALSE
	EndGlobalSection
	GlobalSection(ExtensibilityGlobals) = postSolution
		SolutionGuid = {17934005-3740-4B80-AF6C-71D1A3DC70FD}
	EndGlobalSection
EndGlobal
