
Microsoft Visual Studio Solution File, Format Version 12.00
# Visual Studio Version 17
VisualStudioVersion = 17.13.35919.96 d17.13
MinimumVisualStudioVersion = 10.0.40219.1
Project("{FAE04EC0-301F-11D3-BF4B-00C04F79EFBC}") = "App-20250411-1", "App-20250411-1\App-20250411-1.csproj", "{5C1A53D6-360B-4B32-B3FA-D9D3F56F9D1D}"
EndProject
Global
	GlobalSection(SolutionConfigurationPlatforms) = preSolution
		Debug|Any CPU = Debug|Any CPU
		Release|Any CPU = Release|Any CPU
	EndGlobalSection
	GlobalSection(ProjectConfigurationPlatforms) = postSolution
		{5C1A53D6-360B-4B32-B3FA-D9D3F56F9D1D}.Debug|Any CPU.ActiveCfg = Debug|Any CPU
		{5C1A53D6-360B-4B32-B3FA-D9D3F56F9D1D}.Debug|Any CPU.Build.0 = Debug|Any CPU
		{5C1A53D6-360B-4B32-B3FA-D9D3F56F9D1D}.Release|Any CPU.ActiveCfg = Release|Any CPU
		{5C1A53D6-360B-4B32-B3FA-D9D3F56F9D1D}.Release|Any CPU.Build.0 = Release|Any CPU
	EndGlobalSection
	GlobalSection(SolutionProperties) = preSolution
		HideSolutionNode = FALSE
	EndGlobalSection
	GlobalSection(ExtensibilityGlobals) = postSolution
		SolutionGuid = {1F3DC8A5-E04A-4EFF-86AD-78690DDADF43}
	EndGlobalSection
EndGlobal
