
Microsoft Visual Studio Solution File, Format Version 12.00
# Visual Studio Version 17
VisualStudioVersion = 17.13.35919.96 d17.13
MinimumVisualStudioVersion = 10.0.40219.1
Project("{FAE04EC0-301F-11D3-BF4B-00C04F79EFBC}") = "20250424", "20250424\20250424.csproj", "{4507471F-237D-4697-BB21-992BCC36379F}"
EndProject
Global
	GlobalSection(SolutionConfigurationPlatforms) = preSolution
		Debug|Any CPU = Debug|Any CPU
		Release|Any CPU = Release|Any CPU
	EndGlobalSection
	GlobalSection(ProjectConfigurationPlatforms) = postSolution
		{4507471F-237D-4697-BB21-992BCC36379F}.Debug|Any CPU.ActiveCfg = Debug|Any CPU
		{4507471F-237D-4697-BB21-992BCC36379F}.Debug|Any CPU.Build.0 = Debug|Any CPU
		{4507471F-237D-4697-BB21-992BCC36379F}.Release|Any CPU.ActiveCfg = Release|Any CPU
		{4507471F-237D-4697-BB21-992BCC36379F}.Release|Any CPU.Build.0 = Release|Any CPU
	EndGlobalSection
	GlobalSection(SolutionProperties) = preSolution
		HideSolutionNode = FALSE
	EndGlobalSection
	GlobalSection(ExtensibilityGlobals) = postSolution
		SolutionGuid = {A4032787-BC4A-4296-9C20-3DB0B51A55C6}
	EndGlobalSection
EndGlobal
