
Microsoft Visual Studio Solution File, Format Version 12.00
# Visual Studio Version 17
VisualStudioVersion = 17.13.35919.96 d17.13
MinimumVisualStudioVersion = 10.0.40219.1
Project("{FAE04EC0-301F-11D3-BF4B-00C04F79EFBC}") = "TreadPool", "TreadPool\TreadPool.csproj", "{CA0379F9-4C67-4D13-88FB-55F4BB99758F}"
EndProject
Global
	GlobalSection(SolutionConfigurationPlatforms) = preSolution
		Debug|Any CPU = Debug|Any CPU
		Release|Any CPU = Release|Any CPU
	EndGlobalSection
	GlobalSection(ProjectConfigurationPlatforms) = postSolution
		{CA0379F9-4C67-4D13-88FB-55F4BB99758F}.Debug|Any CPU.ActiveCfg = Debug|Any CPU
		{CA0379F9-4C67-4D13-88FB-55F4BB99758F}.Debug|Any CPU.Build.0 = Debug|Any CPU
		{CA0379F9-4C67-4D13-88FB-55F4BB99758F}.Release|Any CPU.ActiveCfg = Release|Any CPU
		{CA0379F9-4C67-4D13-88FB-55F4BB99758F}.Release|Any CPU.Build.0 = Release|Any CPU
	EndGlobalSection
	GlobalSection(SolutionProperties) = preSolution
		HideSolutionNode = FALSE
	EndGlobalSection
	GlobalSection(ExtensibilityGlobals) = postSolution
		SolutionGuid = {339A9D57-EB56-46FE-9745-307E46E328C0}
	EndGlobalSection
EndGlobal
