
Microsoft Visual Studio Solution File, Format Version 12.00
# Visual Studio Version 17
VisualStudioVersion = 17.13.35919.96 d17.13
MinimumVisualStudioVersion = 10.0.40219.1
Project("{FAE04EC0-301F-11D3-BF4B-00C04F79EFBC}") = "20250421", "20250421\20250421.csproj", "{CEBA5A81-51E5-4EDF-9C61-8755DCFC62B4}"
EndProject
Global
	GlobalSection(SolutionConfigurationPlatforms) = preSolution
		Debug|Any CPU = Debug|Any CPU
		Release|Any CPU = Release|Any CPU
	EndGlobalSection
	GlobalSection(ProjectConfigurationPlatforms) = postSolution
		{CEBA5A81-51E5-4EDF-9C61-8755DCFC62B4}.Debug|Any CPU.ActiveCfg = Debug|Any CPU
		{CEBA5A81-51E5-4EDF-9C61-8755DCFC62B4}.Debug|Any CPU.Build.0 = Debug|Any CPU
		{CEBA5A81-51E5-4EDF-9C61-8755DCFC62B4}.Release|Any CPU.ActiveCfg = Release|Any CPU
		{CEBA5A81-51E5-4EDF-9C61-8755DCFC62B4}.Release|Any CPU.Build.0 = Release|Any CPU
	EndGlobalSection
	GlobalSection(SolutionProperties) = preSolution
		HideSolutionNode = FALSE
	EndGlobalSection
	GlobalSection(ExtensibilityGlobals) = postSolution
		SolutionGuid = {4EC0285B-A028-4480-A8B4-0F552518E910}
	EndGlobalSection
EndGlobal
