
Microsoft Visual Studio Solution File, Format Version 12.00
# Visual Studio Version 17
VisualStudioVersion = 17.13.35919.96 d17.13
MinimumVisualStudioVersion = 10.0.40219.1
Project("{FAE04EC0-301F-11D3-BF4B-00C04F79EFBC}") = "20250411-1", "20250411-1\20250411-1.csproj", "{3CD3E46E-0AE9-44BC-A28F-32BFAA0FBDC3}"
EndProject
Global
	GlobalSection(SolutionConfigurationPlatforms) = preSolution
		Debug|Any CPU = Debug|Any CPU
		Release|Any CPU = Release|Any CPU
	EndGlobalSection
	GlobalSection(ProjectConfigurationPlatforms) = postSolution
		{3CD3E46E-0AE9-44BC-A28F-32BFAA0FBDC3}.Debug|Any CPU.ActiveCfg = Debug|Any CPU
		{3CD3E46E-0AE9-44BC-A28F-32BFAA0FBDC3}.Debug|Any CPU.Build.0 = Debug|Any CPU
		{3CD3E46E-0AE9-44BC-A28F-32BFAA0FBDC3}.Release|Any CPU.ActiveCfg = Release|Any CPU
		{3CD3E46E-0AE9-44BC-A28F-32BFAA0FBDC3}.Release|Any CPU.Build.0 = Release|Any CPU
	EndGlobalSection
	GlobalSection(SolutionProperties) = preSolution
		HideSolutionNode = FALSE
	EndGlobalSection
	GlobalSection(ExtensibilityGlobals) = postSolution
		SolutionGuid = {5F5EFBE5-C92D-42ED-A95C-416D273B615C}
	EndGlobalSection
EndGlobal
