
Microsoft Visual Studio Solution File, Format Version 12.00
# Visual Studio Version 17
VisualStudioVersion = 17.13.35919.96 d17.13
MinimumVisualStudioVersion = 10.0.40219.1
Project("{FAE04EC0-301F-11D3-BF4B-00C04F79EFBC}") = "TextEditor_copy", "TextEditor_copy\TextEditor_copy.csproj", "{EE223649-5114-4217-92B8-9048158D6B0F}"
EndProject
Global
	GlobalSection(SolutionConfigurationPlatforms) = preSolution
		Debug|Any CPU = Debug|Any CPU
		Release|Any CPU = Release|Any CPU
	EndGlobalSection
	GlobalSection(ProjectConfigurationPlatforms) = postSolution
		{EE223649-5114-4217-92B8-9048158D6B0F}.Debug|Any CPU.ActiveCfg = Debug|Any CPU
		{EE223649-5114-4217-92B8-9048158D6B0F}.Debug|Any CPU.Build.0 = Debug|Any CPU
		{EE223649-5114-4217-92B8-9048158D6B0F}.Release|Any CPU.ActiveCfg = Release|Any CPU
		{EE223649-5114-4217-92B8-9048158D6B0F}.Release|Any CPU.Build.0 = Release|Any CPU
	EndGlobalSection
	GlobalSection(SolutionProperties) = preSolution
		HideSolutionNode = FALSE
	EndGlobalSection
	GlobalSection(ExtensibilityGlobals) = postSolution
		SolutionGuid = {7C93AEE1-E9A9-4869-AA62-1F1E09CB6CEA}
	EndGlobalSection
EndGlobal
