
Microsoft Visual Studio Solution File, Format Version 12.00
# Visual Studio Version 17
VisualStudioVersion = 17.13.35919.96 d17.13
MinimumVisualStudioVersion = 10.0.40219.1
Project("{FAE04EC0-301F-11D3-BF4B-00C04F79EFBC}") = "20250418-2", "20250418-2\20250418-2.csproj", "{EE509E61-4C25-4DF7-894D-E37EB679F86E}"
EndProject
Global
	GlobalSection(SolutionConfigurationPlatforms) = preSolution
		Debug|Any CPU = Debug|Any CPU
		Release|Any CPU = Release|Any CPU
	EndGlobalSection
	GlobalSection(ProjectConfigurationPlatforms) = postSolution
		{EE509E61-4C25-4DF7-894D-E37EB679F86E}.Debug|Any CPU.ActiveCfg = Debug|Any CPU
		{EE509E61-4C25-4DF7-894D-E37EB679F86E}.Debug|Any CPU.Build.0 = Debug|Any CPU
		{EE509E61-4C25-4DF7-894D-E37EB679F86E}.Release|Any CPU.ActiveCfg = Release|Any CPU
		{EE509E61-4C25-4DF7-894D-E37EB679F86E}.Release|Any CPU.Build.0 = Release|Any CPU
	EndGlobalSection
	GlobalSection(SolutionProperties) = preSolution
		HideSolutionNode = FALSE
	EndGlobalSection
	GlobalSection(ExtensibilityGlobals) = postSolution
		SolutionGuid = {E14E7322-7417-4FD9-A767-A88CD13468D8}
	EndGlobalSection
EndGlobal
