
Microsoft Visual Studio Solution File, Format Version 12.00
# Visual Studio Version 17
VisualStudioVersion = 17.13.35919.96 d17.13
MinimumVisualStudioVersion = 10.0.40219.1
Project("{FAE04EC0-301F-11D3-BF4B-00C04F79EFBC}") = "WindowsFormsApp1-4", "WindowsFormsApp1-4\WindowsFormsApp1-4.csproj", "{36A78629-8B83-4D88-A86E-874543424E8F}"
EndProject
Global
	GlobalSection(SolutionConfigurationPlatforms) = preSolution
		Debug|Any CPU = Debug|Any CPU
		Release|Any CPU = Release|Any CPU
	EndGlobalSection
	GlobalSection(ProjectConfigurationPlatforms) = postSolution
		{36A78629-8B83-4D88-A86E-874543424E8F}.Debug|Any CPU.ActiveCfg = Debug|Any CPU
		{36A78629-8B83-4D88-A86E-874543424E8F}.Debug|Any CPU.Build.0 = Debug|Any CPU
		{36A78629-8B83-4D88-A86E-874543424E8F}.Release|Any CPU.ActiveCfg = Release|Any CPU
		{36A78629-8B83-4D88-A86E-874543424E8F}.Release|Any CPU.Build.0 = Release|Any CPU
	EndGlobalSection
	GlobalSection(SolutionProperties) = preSolution
		HideSolutionNode = FALSE
	EndGlobalSection
	GlobalSection(ExtensibilityGlobals) = postSolution
		SolutionGuid = {5ED9C420-6040-42C9-A9F6-09CB51FB5575}
	EndGlobalSection
EndGlobal
