
Microsoft Visual Studio Solution File, Format Version 12.00
# Visual Studio Version 17
VisualStudioVersion = 17.13.35919.96 d17.13
MinimumVisualStudioVersion = 10.0.40219.1
Project("{FAE04EC0-301F-11D3-BF4B-00C04F79EFBC}") = "20250411-6", "20250411-6\20250411-6.csproj", "{F5535235-E312-4CAD-9F6E-28D35A46B0B6}"
EndProject
Global
	GlobalSection(SolutionConfigurationPlatforms) = preSolution
		Debug|Any CPU = Debug|Any CPU
		Release|Any CPU = Release|Any CPU
	EndGlobalSection
	GlobalSection(ProjectConfigurationPlatforms) = postSolution
		{F5535235-E312-4CAD-9F6E-28D35A46B0B6}.Debug|Any CPU.ActiveCfg = Debug|Any CPU
		{F5535235-E312-4CAD-9F6E-28D35A46B0B6}.Debug|Any CPU.Build.0 = Debug|Any CPU
		{F5535235-E312-4CAD-9F6E-28D35A46B0B6}.Release|Any CPU.ActiveCfg = Release|Any CPU
		{F5535235-E312-4CAD-9F6E-28D35A46B0B6}.Release|Any CPU.Build.0 = Release|Any CPU
	EndGlobalSection
	GlobalSection(SolutionProperties) = preSolution
		HideSolutionNode = FALSE
	EndGlobalSection
	GlobalSection(ExtensibilityGlobals) = postSolution
		SolutionGuid = {58DEEC21-B1B6-45E3-B101-38F7FB65EDAC}
	EndGlobalSection
EndGlobal
