
Microsoft Visual Studio Solution File, Format Version 12.00
# Visual Studio Version 17
VisualStudioVersion = 17.13.35919.96 d17.13
MinimumVisualStudioVersion = 10.0.40219.1
Project("{FAE04EC0-301F-11D3-BF4B-00C04F79EFBC}") = "20250423-1", "20250423-1\20250423-1.csproj", "{FF600C14-8A6D-4620-B8AF-D3B67499A947}"
EndProject
Global
	GlobalSection(SolutionConfigurationPlatforms) = preSolution
		Debug|Any CPU = Debug|Any CPU
		Release|Any CPU = Release|Any CPU
	EndGlobalSection
	GlobalSection(ProjectConfigurationPlatforms) = postSolution
		{FF600C14-8A6D-4620-B8AF-D3B67499A947}.Debug|Any CPU.ActiveCfg = Debug|Any CPU
		{FF600C14-8A6D-4620-B8AF-D3B67499A947}.Debug|Any CPU.Build.0 = Debug|Any CPU
		{FF600C14-8A6D-4620-B8AF-D3B67499A947}.Release|Any CPU.ActiveCfg = Release|Any CPU
		{FF600C14-8A6D-4620-B8AF-D3B67499A947}.Release|Any CPU.Build.0 = Release|Any CPU
	EndGlobalSection
	GlobalSection(SolutionProperties) = preSolution
		HideSolutionNode = FALSE
	EndGlobalSection
	GlobalSection(ExtensibilityGlobals) = postSolution
		SolutionGuid = {A091CF26-768A-431D-B986-3D67C5921D55}
	EndGlobalSection
EndGlobal
