
Microsoft Visual Studio Solution File, Format Version 12.00
# Visual Studio Version 17
VisualStudioVersion = 17.13.35919.96 d17.13
MinimumVisualStudioVersion = 10.0.40219.1
Project("{FAE04EC0-301F-11D3-BF4B-00C04F79EFBC}") = "WindowsFormsApp1-3", "WindowsFormsApp1-3\WindowsFormsApp1-3.csproj", "{68689541-E621-4478-95B0-6A2EF909EE07}"
EndProject
Global
	GlobalSection(SolutionConfigurationPlatforms) = preSolution
		Debug|Any CPU = Debug|Any CPU
		Release|Any CPU = Release|Any CPU
	EndGlobalSection
	GlobalSection(ProjectConfigurationPlatforms) = postSolution
		{68689541-E621-4478-95B0-6A2EF909EE07}.Debug|Any CPU.ActiveCfg = Debug|Any CPU
		{68689541-E621-4478-95B0-6A2EF909EE07}.Debug|Any CPU.Build.0 = Debug|Any CPU
		{68689541-E621-4478-95B0-6A2EF909EE07}.Release|Any CPU.ActiveCfg = Release|Any CPU
		{68689541-E621-4478-95B0-6A2EF909EE07}.Release|Any CPU.Build.0 = Release|Any CPU
	EndGlobalSection
	GlobalSection(SolutionProperties) = preSolution
		HideSolutionNode = FALSE
	EndGlobalSection
	GlobalSection(ExtensibilityGlobals) = postSolution
		SolutionGuid = {C19ED77C-A858-4C04-AAE3-D5138FB8138D}
	EndGlobalSection
EndGlobal
