
Microsoft Visual Studio Solution File, Format Version 12.00
# Visual Studio Version 17
VisualStudioVersion = 17.13.35919.96 d17.13
MinimumVisualStudioVersion = 10.0.40219.1
Project("{FAE04EC0-301F-11D3-BF4B-00C04F79EFBC}") = "QueueUserWorkItem", "QueueUserWorkItem\QueueUserWorkItem.csproj", "{4CBD5FAA-EC96-48F5-A73F-4B6A9B7E115A}"
EndProject
Global
	GlobalSection(SolutionConfigurationPlatforms) = preSolution
		Debug|Any CPU = Debug|Any CPU
		Release|Any CPU = Release|Any CPU
	EndGlobalSection
	GlobalSection(ProjectConfigurationPlatforms) = postSolution
		{4CBD5FAA-EC96-48F5-A73F-4B6A9B7E115A}.Debug|Any CPU.ActiveCfg = Debug|Any CPU
		{4CBD5FAA-EC96-48F5-A73F-4B6A9B7E115A}.Debug|Any CPU.Build.0 = Debug|Any CPU
		{4CBD5FAA-EC96-48F5-A73F-4B6A9B7E115A}.Release|Any CPU.ActiveCfg = Release|Any CPU
		{4CBD5FAA-EC96-48F5-A73F-4B6A9B7E115A}.Release|Any CPU.Build.0 = Release|Any CPU
	EndGlobalSection
	GlobalSection(SolutionProperties) = preSolution
		HideSolutionNode = FALSE
	EndGlobalSection
	GlobalSection(ExtensibilityGlobals) = postSolution
		SolutionGuid = {AE947F1A-D22A-4310-922D-B2A959BCCF79}
	EndGlobalSection
EndGlobal
